// !$*UTF8*$!
{
	archiveVersion = 1;
	classes = {
	};
	objectVersion = 56;
	objects = {

/* Begin PBXBuildFile section */
		8C2674352A7F622E002B3D41 /* ApiManager.swift in Sources */ = {isa = PBXBuildFile; fileRef = 8C2674342A7F622E002B3D41 /* ApiManager.swift */; };
		8C2674372A7F6E41002B3D41 /* ForecastCell.swift in Sources */ = {isa = PBXBuildFile; fileRef = 8C2674362A7F6E41002B3D41 /* ForecastCell.swift */; };
		8C2674392A7F8B63002B3D41 /* Helper.swift in Sources */ = {isa = PBXBuildFile; fileRef = 8C2674382A7F8B63002B3D41 /* Helper.swift */; };
		8C26743B2A7F9657002B3D41 /* ForecastHeaderView.swift in Sources */ = {isa = PBXBuildFile; fileRef = 8C26743A2A7F9657002B3D41 /* ForecastHeaderView.swift */; };
		8C26743D2A7F9660002B3D41 /* ForecastHeaderView.xib in Resources */ = {isa = PBXBuildFile; fileRef = 8C26743C2A7F9660002B3D41 /* ForecastHeaderView.xib */; };
		8C405EF72A80F8D700D7B7CF /* WeatherTests.swift in Sources */ = {isa = PBXBuildFile; fileRef = 8C405EF62A80F8D700D7B7CF /* WeatherTests.swift */; };
		8C59A7CC2A7AB68300EF01F7 /* CityCell.swift in Sources */ = {isa = PBXBuildFile; fileRef = 8C59A7CB2A7AB68300EF01F7 /* CityCell.swift */; };
		8C8398562A7EA09B007C8BCF /* city.list.json in Resources */ = {isa = PBXBuildFile; fileRef = 8C8398552A7EA09B007C8BCF /* city.list.json */; };
		8C946E6B2A79484C0012476D /* AppDelegate.swift in Sources */ = {isa = PBXBuildFile; fileRef = 8C946E6A2A79484C0012476D /* AppDelegate.swift */; };
		8C946E6D2A79484C0012476D /* SceneDelegate.swift in Sources */ = {isa = PBXBuildFile; fileRef = 8C946E6C2A79484C0012476D /* SceneDelegate.swift */; };
		8C946E722A79484C0012476D /* Weather.storyboard in Resources */ = {isa = PBXBuildFile; fileRef = 8C946E702A79484C0012476D /* Weather.storyboard */; };
		8C946E742A79484D0012476D /* Assets.xcassets in Resources */ = {isa = PBXBuildFile; fileRef = 8C946E732A79484D0012476D /* Assets.xcassets */; };
		8C946E772A79484D0012476D /* LaunchScreen.storyboard in Resources */ = {isa = PBXBuildFile; fileRef = 8C946E752A79484D0012476D /* LaunchScreen.storyboard */; };
		8C9C3BDC2A794D01002FDF1B /* Constant.swift in Sources */ = {isa = PBXBuildFile; fileRef = 8C9C3BDB2A794D01002FDF1B /* Constant.swift */; };
		8C9C3BEA2A794FDB002FDF1B /* HomePresenter.swift in Sources */ = {isa = PBXBuildFile; fileRef = 8C9C3BE42A794FDB002FDF1B /* HomePresenter.swift */; };
		8C9C3BEB2A794FDB002FDF1B /* HomeWorker.swift in Sources */ = {isa = PBXBuildFile; fileRef = 8C9C3BE52A794FDB002FDF1B /* HomeWorker.swift */; };
		8C9C3BEC2A794FDB002FDF1B /* HomeRouter.swift in Sources */ = {isa = PBXBuildFile; fileRef = 8C9C3BE62A794FDB002FDF1B /* HomeRouter.swift */; };
		8C9C3BED2A794FDB002FDF1B /* HomeModels.swift in Sources */ = {isa = PBXBuildFile; fileRef = 8C9C3BE72A794FDB002FDF1B /* HomeModels.swift */; };
		8C9C3BEE2A794FDB002FDF1B /* HomeViewController.swift in Sources */ = {isa = PBXBuildFile; fileRef = 8C9C3BE82A794FDB002FDF1B /* HomeViewController.swift */; };
		8C9C3BEF2A794FDB002FDF1B /* HomeInteractor.swift in Sources */ = {isa = PBXBuildFile; fileRef = 8C9C3BE92A794FDB002FDF1B /* HomeInteractor.swift */; };
		8C9C3BF72A794FF6002FDF1B /* ListPresenter.swift in Sources */ = {isa = PBXBuildFile; fileRef = 8C9C3BF12A794FF6002FDF1B /* ListPresenter.swift */; };
		8C9C3BF82A794FF6002FDF1B /* ListWorker.swift in Sources */ = {isa = PBXBuildFile; fileRef = 8C9C3BF22A794FF6002FDF1B /* ListWorker.swift */; };
		8C9C3BF92A794FF6002FDF1B /* ListRouter.swift in Sources */ = {isa = PBXBuildFile; fileRef = 8C9C3BF32A794FF6002FDF1B /* ListRouter.swift */; };
		8C9C3BFA2A794FF6002FDF1B /* ListModels.swift in Sources */ = {isa = PBXBuildFile; fileRef = 8C9C3BF42A794FF6002FDF1B /* ListModels.swift */; };
		8C9C3BFB2A794FF6002FDF1B /* ListViewController.swift in Sources */ = {isa = PBXBuildFile; fileRef = 8C9C3BF52A794FF6002FDF1B /* ListViewController.swift */; };
		8C9C3BFC2A794FF6002FDF1B /* ListInteractor.swift in Sources */ = {isa = PBXBuildFile; fileRef = 8C9C3BF62A794FF6002FDF1B /* ListInteractor.swift */; };
		8CFFCEF82A81406F0024AB39 /* ForecastTests.swift in Sources */ = {isa = PBXBuildFile; fileRef = 8CFFCEF72A81406F0024AB39 /* ForecastTests.swift */; };
/* End PBXBuildFile section */

/* Begin PBXContainerItemProxy section */
		8C405EF82A80F8D700D7B7CF /* PBXContainerItemProxy */ = {
			isa = PBXContainerItemProxy;
			containerPortal = 8C946E5F2A79484C0012476D /* Project object */;
			proxyType = 1;
			remoteGlobalIDString = 8C946E662A79484C0012476D;
			remoteInfo = Weather;
		};
/* End PBXContainerItemProxy section */

/* Begin PBXFileReference section */
		8C2674342A7F622E002B3D41 /* ApiManager.swift */ = {isa = PBXFileReference; lastKnownFileType = sourcecode.swift; path = ApiManager.swift; sourceTree = "<group>"; };
		8C2674362A7F6E41002B3D41 /* ForecastCell.swift */ = {isa = PBXFileReference; lastKnownFileType = sourcecode.swift; path = ForecastCell.swift; sourceTree = "<group>"; };
		8C2674382A7F8B63002B3D41 /* Helper.swift */ = {isa = PBXFileReference; lastKnownFileType = sourcecode.swift; path = Helper.swift; sourceTree = "<group>"; };
		8C26743A2A7F9657002B3D41 /* ForecastHeaderView.swift */ = {isa = PBXFileReference; lastKnownFileType = sourcecode.swift; path = ForecastHeaderView.swift; sourceTree = "<group>"; };
		8C26743C2A7F9660002B3D41 /* ForecastHeaderView.xib */ = {isa = PBXFileReference; lastKnownFileType = file.xib; path = ForecastHeaderView.xib; sourceTree = "<group>"; };
		8C405EF42A80F8D700D7B7CF /* WeatherTests.xctest */ = {isa = PBXFileReference; explicitFileType = wrapper.cfbundle; includeInIndex = 0; path = WeatherTests.xctest; sourceTree = BUILT_PRODUCTS_DIR; };
		8C405EF62A80F8D700D7B7CF /* WeatherTests.swift */ = {isa = PBXFileReference; lastKnownFileType = sourcecode.swift; path = WeatherTests.swift; sourceTree = "<group>"; };
		8C59A7CB2A7AB68300EF01F7 /* CityCell.swift */ = {isa = PBXFileReference; lastKnownFileType = sourcecode.swift; path = CityCell.swift; sourceTree = "<group>"; };
		8C8398552A7EA09B007C8BCF /* city.list.json */ = {isa = PBXFileReference; fileEncoding = 4; lastKnownFileType = text.json; path = city.list.json; sourceTree = "<group>"; };
		8C946E672A79484C0012476D /* Weather.app */ = {isa = PBXFileReference; explicitFileType = wrapper.application; includeInIndex = 0; path = Weather.app; sourceTree = BUILT_PRODUCTS_DIR; };
		8C946E6A2A79484C0012476D /* AppDelegate.swift */ = {isa = PBXFileReference; lastKnownFileType = sourcecode.swift; path = AppDelegate.swift; sourceTree = "<group>"; };
		8C946E6C2A79484C0012476D /* SceneDelegate.swift */ = {isa = PBXFileReference; lastKnownFileType = sourcecode.swift; path = SceneDelegate.swift; sourceTree = "<group>"; };
		8C946E712A79484C0012476D /* Base */ = {isa = PBXFileReference; lastKnownFileType = file.storyboard; name = Base; path = Base.lproj/Weather.storyboard; sourceTree = "<group>"; };
		8C946E732A79484D0012476D /* Assets.xcassets */ = {isa = PBXFileReference; lastKnownFileType = folder.assetcatalog; path = Assets.xcassets; sourceTree = "<group>"; };
		8C946E762A79484D0012476D /* Base */ = {isa = PBXFileReference; lastKnownFileType = file.storyboard; name = Base; path = Base.lproj/LaunchScreen.storyboard; sourceTree = "<group>"; };
		8C946E782A79484D0012476D /* Info.plist */ = {isa = PBXFileReference; lastKnownFileType = text.plist.xml; path = Info.plist; sourceTree = "<group>"; };
		8C9C3BDB2A794D01002FDF1B /* Constant.swift */ = {isa = PBXFileReference; lastKnownFileType = sourcecode.swift; path = Constant.swift; sourceTree = "<group>"; };
		8C9C3BE42A794FDB002FDF1B /* HomePresenter.swift */ = {isa = PBXFileReference; lastKnownFileType = sourcecode.swift; path = HomePresenter.swift; sourceTree = "<group>"; };
		8C9C3BE52A794FDB002FDF1B /* HomeWorker.swift */ = {isa = PBXFileReference; lastKnownFileType = sourcecode.swift; path = HomeWorker.swift; sourceTree = "<group>"; };
		8C9C3BE62A794FDB002FDF1B /* HomeRouter.swift */ = {isa = PBXFileReference; lastKnownFileType = sourcecode.swift; path = HomeRouter.swift; sourceTree = "<group>"; };
		8C9C3BE72A794FDB002FDF1B /* HomeModels.swift */ = {isa = PBXFileReference; lastKnownFileType = sourcecode.swift; path = HomeModels.swift; sourceTree = "<group>"; };
		8C9C3BE82A794FDB002FDF1B /* HomeViewController.swift */ = {isa = PBXFileReference; lastKnownFileType = sourcecode.swift; path = HomeViewController.swift; sourceTree = "<group>"; };
		8C9C3BE92A794FDB002FDF1B /* HomeInteractor.swift */ = {isa = PBXFileReference; lastKnownFileType = sourcecode.swift; path = HomeInteractor.swift; sourceTree = "<group>"; };
		8C9C3BF12A794FF6002FDF1B /* ListPresenter.swift */ = {isa = PBXFileReference; lastKnownFileType = sourcecode.swift; path = ListPresenter.swift; sourceTree = "<group>"; };
		8C9C3BF22A794FF6002FDF1B /* ListWorker.swift */ = {isa = PBXFileReference; lastKnownFileType = sourcecode.swift; path = ListWorker.swift; sourceTree = "<group>"; };
		8C9C3BF32A794FF6002FDF1B /* ListRouter.swift */ = {isa = PBXFileReference; lastKnownFileType = sourcecode.swift; path = ListRouter.swift; sourceTree = "<group>"; };
		8C9C3BF42A794FF6002FDF1B /* ListModels.swift */ = {isa = PBXFileReference; lastKnownFileType = sourcecode.swift; path = ListModels.swift; sourceTree = "<group>"; };
		8C9C3BF52A794FF6002FDF1B /* ListViewController.swift */ = {isa = PBXFileReference; lastKnownFileType = sourcecode.swift; path = ListViewController.swift; sourceTree = "<group>"; };
		8C9C3BF62A794FF6002FDF1B /* ListInteractor.swift */ = {isa = PBXFileReference; lastKnownFileType = sourcecode.swift; path = ListInteractor.swift; sourceTree = "<group>"; };
		8CFFCEF72A81406F0024AB39 /* ForecastTests.swift */ = {isa = PBXFileReference; lastKnownFileType = sourcecode.swift; path = ForecastTests.swift; sourceTree = "<group>"; };
/* End PBXFileReference section */

/* Begin PBXFrameworksBuildPhase section */
		8C405EF12A80F8D700D7B7CF /* Frameworks */ = {
			isa = PBXFrameworksBuildPhase;
			buildActionMask = 2147483647;
			files = (
			);
			runOnlyForDeploymentPostprocessing = 0;
		};
		8C946E642A79484C0012476D /* Frameworks */ = {
			isa = PBXFrameworksBuildPhase;
			buildActionMask = 2147483647;
			files = (
			);
			runOnlyForDeploymentPostprocessing = 0;
		};
/* End PBXFrameworksBuildPhase section */

/* Begin PBXGroup section */
		8C2674332A7F6223002B3D41 /* Manager */ = {
			isa = PBXGroup;
			children = (
				8C2674342A7F622E002B3D41 /* ApiManager.swift */,
			);
			path = Manager;
			sourceTree = "<group>";
		};
		8C405EF52A80F8D700D7B7CF /* WeatherTests */ = {
			isa = PBXGroup;
			children = (
				8C405EF62A80F8D700D7B7CF /* WeatherTests.swift */,
				8CFFCEF72A81406F0024AB39 /* ForecastTests.swift */,
			);
			path = WeatherTests;
			sourceTree = "<group>";
		};
		8C59A7CA2A7AB67900EF01F7 /* View */ = {
			isa = PBXGroup;
			children = (
				8C59A7CB2A7AB68300EF01F7 /* CityCell.swift */,
				8C2674362A7F6E41002B3D41 /* ForecastCell.swift */,
				8C26743A2A7F9657002B3D41 /* ForecastHeaderView.swift */,
				8C26743C2A7F9660002B3D41 /* ForecastHeaderView.xib */,
			);
			path = View;
			sourceTree = "<group>";
		};
		8C946E5E2A79484C0012476D = {
			isa = PBXGroup;
			children = (
				8C946E692A79484C0012476D /* Weather */,
				8C405EF52A80F8D700D7B7CF /* WeatherTests */,
				8C946E682A79484C0012476D /* Products */,
			);
			sourceTree = "<group>";
		};
		8C946E682A79484C0012476D /* Products */ = {
			isa = PBXGroup;
			children = (
				8C946E672A79484C0012476D /* Weather.app */,
				8C405EF42A80F8D700D7B7CF /* WeatherTests.xctest */,
			);
			name = Products;
			sourceTree = "<group>";
		};
		8C946E692A79484C0012476D /* Weather */ = {
			isa = PBXGroup;
			children = (
				8C9C3BE22A794F9B002FDF1B /* Screen */,
				8C9C3BDA2A794CF3002FDF1B /* Support */,
				8C946E6A2A79484C0012476D /* AppDelegate.swift */,
				8C946E6C2A79484C0012476D /* SceneDelegate.swift */,
				8C946E702A79484C0012476D /* Weather.storyboard */,
				8C946E732A79484D0012476D /* Assets.xcassets */,
				8C946E752A79484D0012476D /* LaunchScreen.storyboard */,
				8C946E782A79484D0012476D /* Info.plist */,
			);
			path = Weather;
			sourceTree = "<group>";
		};
		8C9C3BDA2A794CF3002FDF1B /* Support */ = {
			isa = PBXGroup;
			children = (
				8C8398552A7EA09B007C8BCF /* city.list.json */,
				8C9C3BDB2A794D01002FDF1B /* Constant.swift */,
				8C2674382A7F8B63002B3D41 /* Helper.swift */,
			);
			path = Support;
			sourceTree = "<group>";
		};
		8C9C3BE22A794F9B002FDF1B /* Screen */ = {
			isa = PBXGroup;
			children = (
				8C2674332A7F6223002B3D41 /* Manager */,
				8C59A7CA2A7AB67900EF01F7 /* View */,
				8C9C3BF02A794FE7002FDF1B /* List */,
				8C9C3BE32A794FBA002FDF1B /* Home */,
			);
			path = Screen;
			sourceTree = "<group>";
		};
		8C9C3BE32A794FBA002FDF1B /* Home */ = {
			isa = PBXGroup;
			children = (
				8C9C3BE42A794FDB002FDF1B /* HomePresenter.swift */,
				8C9C3BE52A794FDB002FDF1B /* HomeWorker.swift */,
				8C9C3BE62A794FDB002FDF1B /* HomeRouter.swift */,
				8C9C3BE72A794FDB002FDF1B /* HomeModels.swift */,
				8C9C3BE82A794FDB002FDF1B /* HomeViewController.swift */,
				8C9C3BE92A794FDB002FDF1B /* HomeInteractor.swift */,
			);
			path = Home;
			sourceTree = "<group>";
		};
		8C9C3BF02A794FE7002FDF1B /* List */ = {
			isa = PBXGroup;
			children = (
				8C9C3BF12A794FF6002FDF1B /* ListPresenter.swift */,
				8C9C3BF22A794FF6002FDF1B /* ListWorker.swift */,
				8C9C3BF32A794FF6002FDF1B /* ListRouter.swift */,
				8C9C3BF42A794FF6002FDF1B /* ListModels.swift */,
				8C9C3BF52A794FF6002FDF1B /* ListViewController.swift */,
				8C9C3BF62A794FF6002FDF1B /* ListInteractor.swift */,
			);
			path = List;
			sourceTree = "<group>";
		};
/* End PBXGroup section */

/* Begin PBXNativeTarget section */
		8C405EF32A80F8D700D7B7CF /* WeatherTests */ = {
			isa = PBXNativeTarget;
			buildConfigurationList = 8C405EFA2A80F8D700D7B7CF /* Build configuration list for PBXNativeTarget "WeatherTests" */;
			buildPhases = (
				8C405EF02A80F8D700D7B7CF /* Sources */,
				8C405EF12A80F8D700D7B7CF /* Frameworks */,
				8C405EF22A80F8D700D7B7CF /* Resources */,
			);
			buildRules = (
			);
			dependencies = (
				8C405EF92A80F8D700D7B7CF /* PBXTargetDependency */,
			);
			name = WeatherTests;
			productName = WeatherTests;
			productReference = 8C405EF42A80F8D700D7B7CF /* WeatherTests.xctest */;
			productType = "com.apple.product-type.bundle.unit-test";
		};
		8C946E662A79484C0012476D /* Weather */ = {
			isa = PBXNativeTarget;
			buildConfigurationList = 8C946E7B2A79484D0012476D /* Build configuration list for PBXNativeTarget "Weather" */;
			buildPhases = (
				8C946E632A79484C0012476D /* Sources */,
				8C946E642A79484C0012476D /* Frameworks */,
				8C946E652A79484C0012476D /* Resources */,
			);
			buildRules = (
			);
			dependencies = (
			);
			name = Weather;
			productName = Weather;
			productReference = 8C946E672A79484C0012476D /* Weather.app */;
			productType = "com.apple.product-type.application";
		};
/* End PBXNativeTarget section */

/* Begin PBXProject section */
		8C946E5F2A79484C0012476D /* Project object */ = {
			isa = PBXProject;
			attributes = {
				BuildIndependentTargetsInParallel = 1;
				LastSwiftUpdateCheck = 1430;
				LastUpgradeCheck = 1430;
				TargetAttributes = {
					8C405EF32A80F8D700D7B7CF = {
						CreatedOnToolsVersion = 14.3;
						TestTargetID = 8C946E662A79484C0012476D;
					};
					8C946E662A79484C0012476D = {
						CreatedOnToolsVersion = 14.3;
					};
				};
			};
			buildConfigurationList = 8C946E622A79484C0012476D /* Build configuration list for PBXProject "Weather" */;
			compatibilityVersion = "Xcode 14.0";
			developmentRegion = en;
			hasScannedForEncodings = 0;
			knownRegions = (
				en,
				Base,
			);
			mainGroup = 8C946E5E2A79484C0012476D;
			productRefGroup = 8C946E682A79484C0012476D /* Products */;
			projectDirPath = "";
			projectRoot = "";
			targets = (
				8C946E662A79484C0012476D /* Weather */,
				8C405EF32A80F8D700D7B7CF /* WeatherTests */,
			);
		};
/* End PBXProject section */

/* Begin PBXResourcesBuildPhase section */
		8C405EF22A80F8D700D7B7CF /* Resources */ = {
			isa = PBXResourcesBuildPhase;
			buildActionMask = 2147483647;
			files = (
			);
			runOnlyForDeploymentPostprocessing = 0;
		};
		8C946E652A79484C0012476D /* Resources */ = {
			isa = PBXResourcesBuildPhase;
			buildActionMask = 2147483647;
			files = (
				8C946E772A79484D0012476D /* LaunchScreen.storyboard in Resources */,
				8C26743D2A7F9660002B3D41 /* ForecastHeaderView.xib in Resources */,
				8C8398562A7EA09B007C8BCF /* city.list.json in Resources */,
				8C946E742A79484D0012476D /* Assets.xcassets in Resources */,
				8C946E722A79484C0012476D /* Weather.storyboard in Resources */,
			);
			runOnlyForDeploymentPostprocessing = 0;
		};
/* End PBXResourcesBuildPhase section */

/* Begin PBXSourcesBuildPhase section */
		8C405EF02A80F8D700D7B7CF /* Sources */ = {
			isa = PBXSourcesBuildPhase;
			buildActionMask = 2147483647;
			files = (
				8CFFCEF82A81406F0024AB39 /* ForecastTests.swift in Sources */,
				8C405EF72A80F8D700D7B7CF /* WeatherTests.swift in Sources */,
			);
			runOnlyForDeploymentPostprocessing = 0;
		};
		8C946E632A79484C0012476D /* Sources */ = {
			isa = PBXSourcesBuildPhase;
			buildActionMask = 2147483647;
			files = (
				8C9C3BED2A794FDB002FDF1B /* HomeModels.swift in Sources */,
				8C946E6B2A79484C0012476D /* AppDelegate.swift in Sources */,
				8C946E6D2A79484C0012476D /* SceneDelegate.swift in Sources */,
				8C9C3BEF2A794FDB002FDF1B /* HomeInteractor.swift in Sources */,
				8C2674372A7F6E41002B3D41 /* ForecastCell.swift in Sources */,
				8C9C3BEC2A794FDB002FDF1B /* HomeRouter.swift in Sources */,
				8C9C3BFA2A794FF6002FDF1B /* ListModels.swift in Sources */,
				8C9C3BFC2A794FF6002FDF1B /* ListInteractor.swift in Sources */,
				8C2674392A7F8B63002B3D41 /* Helper.swift in Sources */,
				8C9C3BDC2A794D01002FDF1B /* Constant.swift in Sources */,
				8C26743B2A7F9657002B3D41 /* ForecastHeaderView.swift in Sources */,
				8C9C3BEE2A794FDB002FDF1B /* HomeViewController.swift in Sources */,
				8C9C3BFB2A794FF6002FDF1B /* ListViewController.swift in Sources */,
				8C9C3BEA2A794FDB002FDF1B /* HomePresenter.swift in Sources */,
				8C59A7CC2A7AB68300EF01F7 /* CityCell.swift in Sources */,
				8C9C3BF72A794FF6002FDF1B /* ListPresenter.swift in Sources */,
				8C9C3BF82A794FF6002FDF1B /* ListWorker.swift in Sources */,
				8C2674352A7F622E002B3D41 /* ApiManager.swift in Sources */,
				8C9C3BF92A794FF6002FDF1B /* ListRouter.swift in Sources */,
				8C9C3BEB2A794FDB002FDF1B /* HomeWorker.swift in Sources */,
			);
			runOnlyForDeploymentPostprocessing = 0;
		};
/* End PBXSourcesBuildPhase section */

/* Begin PBXTargetDependency section */
		8C405EF92A80F8D700D7B7CF /* PBXTargetDependency */ = {
			isa = PBXTargetDependency;
			target = 8C946E662A79484C0012476D /* Weather */;
			targetProxy = 8C405EF82A80F8D700D7B7CF /* PBXContainerItemProxy */;
		};
/* End PBXTargetDependency section */

/* Begin PBXVariantGroup section */
		8C946E702A79484C0012476D /* Weather.storyboard */ = {
			isa = PBXVariantGroup;
			children = (
				8C946E712A79484C0012476D /* Base */,
			);
			name = Weather.storyboard;
			sourceTree = "<group>";
		};
		8C946E752A79484D0012476D /* LaunchScreen.storyboard */ = {
			isa = PBXVariantGroup;
			children = (
				8C946E762A79484D0012476D /* Base */,
			);
			name = LaunchScreen.storyboard;
			sourceTree = "<group>";
		};
/* End PBXVariantGroup section */

/* Begin XCBuildConfiguration section */
		8C405EFB2A80F8D700D7B7CF /* Debug */ = {
			isa = XCBuildConfiguration;
			buildSettings = {
				BUNDLE_LOADER = "$(TEST_HOST)";
				CODE_SIGN_STYLE = Automatic;
				CURRENT_PROJECT_VERSION = 1;
				DEVELOPMENT_TEAM = VX86SF69X5;
				GENERATE_INFOPLIST_FILE = YES;
				MARKETING_VERSION = 1.0;
				PRODUCT_BUNDLE_IDENTIFIER = com.chawapon.WeatherTests;
				PRODUCT_NAME = "$(TARGET_NAME)";
				SWIFT_EMIT_LOC_STRINGS = NO;
				SWIFT_VERSION = 5.0;
				TARGETED_DEVICE_FAMILY = "1,2";
				TEST_HOST = "$(BUILT_PRODUCTS_DIR)/Weather.app/$(BUNDLE_EXECUTABLE_FOLDER_PATH)/Weather";
			};
			name = Debug;
		};
		8C405EFC2A80F8D700D7B7CF /* Release */ = {
			isa = XCBuildConfiguration;
			buildSettings = {
				BUNDLE_LOADER = "$(TEST_HOST)";
				CODE_SIGN_STYLE = Automatic;
				CURRENT_PROJECT_VERSION = 1;
				DEVELOPMENT_TEAM = VX86SF69X5;
				GENERATE_INFOPLIST_FILE = YES;
				MARKETING_VERSION = 1.0;
				PRODUCT_BUNDLE_IDENTIFIER = com.chawapon.WeatherTests;
				PRODUCT_NAME = "$(TARGET_NAME)";
				SWIFT_EMIT_LOC_STRINGS = NO;
				SWIFT_VERSION = 5.0;
				TARGETED_DEVICE_FAMILY = "1,2";
				TEST_HOST = "$(BUILT_PRODUCTS_DIR)/Weather.app/$(BUNDLE_EXECUTABLE_FOLDER_PATH)/Weather";
			};
			name = Release;
		};
		8C946E792A79484D0012476D /* Debug */ = {
			isa = XCBuildConfiguration;
			buildSettings = {
				ALWAYS_SEARCH_USER_PATHS = NO;
				CLANG_ANALYZER_NONNULL = YES;
				CLANG_ANALYZER_NUMBER_OBJECT_CONVERSION = YES_AGGRESSIVE;
				CLANG_CXX_LANGUAGE_STANDARD = "gnu++20";
				CLANG_ENABLE_MODULES = YES;
				CLANG_ENABLE_OBJC_ARC = YES;
				CLANG_ENABLE_OBJC_WEAK = YES;
				CLANG_WARN_BLOCK_CAPTURE_AUTORELEASING = YES;
				CLANG_WARN_BOOL_CONVERSION = YES;
				CLANG_WARN_COMMA = YES;
				CLANG_WARN_CONSTANT_CONVERSION = YES;
				CLANG_WARN_DEPRECATED_OBJC_IMPLEMENTATIONS = YES;
				CLANG_WARN_DIRECT_OBJC_ISA_USAGE = YES_ERROR;
				CLANG_WARN_DOCUMENTATION_COMMENTS = YES;
				CLANG_WARN_EMPTY_BODY = YES;
				CLANG_WARN_ENUM_CONVERSION = YES;
				CLANG_WARN_INFINITE_RECURSION = YES;
				CLANG_WARN_INT_CONVERSION = YES;
				CLANG_WARN_NON_LITERAL_NULL_CONVERSION = YES;
				CLANG_WARN_OBJC_IMPLICIT_RETAIN_SELF = YES;
				CLANG_WARN_OBJC_LITERAL_CONVERSION = YES;
				CLANG_WARN_OBJC_ROOT_CLASS = YES_ERROR;
				CLANG_WARN_QUOTED_INCLUDE_IN_FRAMEWORK_HEADER = YES;
				CLANG_WARN_RANGE_LOOP_ANALYSIS = YES;
				CLANG_WARN_STRICT_PROTOTYPES = YES;
				CLANG_WARN_SUSPICIOUS_MOVE = YES;
				CLANG_WARN_UNGUARDED_AVAILABILITY = YES_AGGRESSIVE;
				CLANG_WARN_UNREACHABLE_CODE = YES;
				CLANG_WARN__DUPLICATE_METHOD_MATCH = YES;
				COPY_PHASE_STRIP = NO;
				DEBUG_INFORMATION_FORMAT = dwarf;
				ENABLE_STRICT_OBJC_MSGSEND = YES;
				ENABLE_TESTABILITY = YES;
				GCC_C_LANGUAGE_STANDARD = gnu11;
				GCC_DYNAMIC_NO_PIC = NO;
				GCC_NO_COMMON_BLOCKS = YES;
				GCC_OPTIMIZATION_LEVEL = 0;
				GCC_PREPROCESSOR_DEFINITIONS = (
					"DEBUG=1",
					"$(inherited)",
				);
				GCC_WARN_64_TO_32_BIT_CONVERSION = YES;
				GCC_WARN_ABOUT_RETURN_TYPE = YES_ERROR;
				GCC_WARN_UNDECLARED_SELECTOR = YES;
				GCC_WARN_UNINITIALIZED_AUTOS = YES_AGGRESSIVE;
				GCC_WARN_UNUSED_FUNCTION = YES;
				GCC_WARN_UNUSED_VARIABLE = YES;
				IPHONEOS_DEPLOYMENT_TARGET = 16.4;
				MTL_ENABLE_DEBUG_INFO = INCLUDE_SOURCE;
				MTL_FAST_MATH = YES;
				ONLY_ACTIVE_ARCH = YES;
				SDKROOT = iphoneos;
				SWIFT_ACTIVE_COMPILATION_CONDITIONS = DEBUG;
				SWIFT_OPTIMIZATION_LEVEL = "-Onone";
			};
			name = Debug;
		};
		8C946E7A2A79484D0012476D /* Release */ = {
			isa = XCBuildConfiguration;
			buildSettings = {
				ALWAYS_SEARCH_USER_PATHS = NO;
				CLANG_ANALYZER_NONNULL = YES;
				CLANG_ANALYZER_NUMBER_OBJECT_CONVERSION = YES_AGGRESSIVE;
				CLANG_CXX_LANGUAGE_STANDARD = "gnu++20";
				CLANG_ENABLE_MODULES = YES;
				CLANG_ENABLE_OBJC_ARC = YES;
				CLANG_ENABLE_OBJC_WEAK = YES;
				CLANG_WARN_BLOCK_CAPTURE_AUTORELEASING = YES;
				CLANG_WARN_BOOL_CONVERSION = YES;
				CLANG_WARN_COMMA = YES;
				CLANG_WARN_CONSTANT_CONVERSION = YES;
				CLANG_WARN_DEPRECATED_OBJC_IMPLEMENTATIONS = YES;
				CLANG_WARN_DIRECT_OBJC_ISA_USAGE = YES_ERROR;
				CLANG_WARN_DOCUMENTATION_COMMENTS = YES;
				CLANG_WARN_EMPTY_BODY = YES;
				CLANG_WARN_ENUM_CONVERSION = YES;
				CLANG_WARN_INFINITE_RECURSION = YES;
				CLANG_WARN_INT_CONVERSION = YES;
				CLANG_WARN_NON_LITERAL_NULL_CONVERSION = YES;
				CLANG_WARN_OBJC_IMPLICIT_RETAIN_SELF = YES;
				CLANG_WARN_OBJC_LITERAL_CONVERSION = YES;
				CLANG_WARN_OBJC_ROOT_CLASS = YES_ERROR;
				CLANG_WARN_QUOTED_INCLUDE_IN_FRAMEWORK_HEADER = YES;
				CLANG_WARN_RANGE_LOOP_ANALYSIS = YES;
				CLANG_WARN_STRICT_PROTOTYPES = YES;
				CLANG_WARN_SUSPICIOUS_MOVE = YES;
				CLANG_WARN_UNGUARDED_AVAILABILITY = YES_AGGRESSIVE;
				CLANG_WARN_UNREACHABLE_CODE = YES;
				CLANG_WARN__DUPLICATE_METHOD_MATCH = YES;
				COPY_PHASE_STRIP = NO;
				DEBUG_INFORMATION_FORMAT = "dwarf-with-dsym";
				ENABLE_NS_ASSERTIONS = NO;
				ENABLE_STRICT_OBJC_MSGSEND = YES;
				GCC_C_LANGUAGE_STANDARD = gnu11;
				GCC_NO_COMMON_BLOCKS = YES;
				GCC_WARN_64_TO_32_BIT_CONVERSION = YES;
				GCC_WARN_ABOUT_RETURN_TYPE = YES_ERROR;
				GCC_WARN_UNDECLARED_SELECTOR = YES;
				GCC_WARN_UNINITIALIZED_AUTOS = YES_AGGRESSIVE;
				GCC_WARN_UNUSED_FUNCTION = YES;
				GCC_WARN_UNUSED_VARIABLE = YES;
				IPHONEOS_DEPLOYMENT_TARGET = 16.4;
				MTL_ENABLE_DEBUG_INFO = NO;
				MTL_FAST_MATH = YES;
				SDKROOT = iphoneos;
				SWIFT_COMPILATION_MODE = wholemodule;
				SWIFT_OPTIMIZATION_LEVEL = "-O";
				VALIDATE_PRODUCT = YES;
			};
			name = Release;
		};
		8C946E7C2A79484D0012476D /* Debug */ = {
			isa = XCBuildConfiguration;
			buildSettings = {
				ASSETCATALOG_COMPILER_APPICON_NAME = AppIcon;
				ASSETCATALOG_COMPILER_GLOBAL_ACCENT_COLOR_NAME = AccentColor;
				CODE_SIGN_STYLE = Automatic;
				CURRENT_PROJECT_VERSION = 1;
				DEVELOPMENT_TEAM = VX86SF69X5;
				GENERATE_INFOPLIST_FILE = YES;
				INFOPLIST_FILE = Weather/Info.plist;
				INFOPLIST_KEY_CFBundleDisplayName = Weather;
				INFOPLIST_KEY_UIApplicationSupportsIndirectInputEvents = YES;
				INFOPLIST_KEY_UILaunchStoryboardName = LaunchScreen;
				INFOPLIST_KEY_UIMainStoryboardFile = Weather;
				INFOPLIST_KEY_UISupportedInterfaceOrientations = UIInterfaceOrientationPortrait;
				LD_RUNPATH_SEARCH_PATHS = (
					"$(inherited)",
					"@executable_path/Frameworks",
				);
				MARKETING_VERSION = 1.0;
				PRODUCT_BUNDLE_IDENTIFIER = com.chawapon.Weather;
				PRODUCT_NAME = "$(TARGET_NAME)";
				SUPPORTED_PLATFORMS = "iphoneos iphonesimulator";
				SUPPORTS_MACCATALYST = NO;
				SUPPORTS_MAC_DESIGNED_FOR_IPHONE_IPAD = NO;
				SWIFT_EMIT_LOC_STRINGS = YES;
				SWIFT_VERSION = 5.0;
				TARGETED_DEVICE_FAMILY = 1;
			};
			name = Debug;
		};
		8C946E7D2A79484D0012476D /* Release */ = {
			isa = XCBuildConfiguration;
			buildSettings = {
				ASSETCATALOG_COMPILER_APPICON_NAME = AppIcon;
				ASSETCATALOG_COMPILER_GLOBAL_ACCENT_COLOR_NAME = AccentColor;
				CODE_SIGN_STYLE = Automatic;
				CURRENT_PROJECT_VERSION = 1;
				DEVELOPMENT_TEAM = VX86SF69X5;
				GENERATE_INFOPLIST_FILE = YES;
				INFOPLIST_FILE = Weather/Info.plist;
				INFOPLIST_KEY_CFBundleDisplayName = Weather;
				INFOPLIST_KEY_UIApplicationSupportsIndirectInputEvents = YES;
				INFOPLIST_KEY_UILaunchStoryboardName = LaunchScreen;
				INFOPLIST_KEY_UIMainStoryboardFile = Weather;
				INFOPLIST_KEY_UISupportedInterfaceOrientations = UIInterfaceOrientationPortrait;
				LD_RUNPATH_SEARCH_PATHS = (
					"$(inherited)",
					"@executable_path/Frameworks",
				);
				MARKETING_VERSION = 1.0;
				PRODUCT_BUNDLE_IDENTIFIER = com.chawapon.Weather;
				PRODUCT_NAME = "$(TARGET_NAME)";
				SUPPORTED_PLATFORMS = "iphoneos iphonesimulator";
				SUPPORTS_MACCATALYST = NO;
				SUPPORTS_MAC_DESIGNED_FOR_IPHONE_IPAD = NO;
				SWIFT_EMIT_LOC_STRINGS = YES;
				SWIFT_VERSION = 5.0;
				TARGETED_DEVICE_FAMILY = 1;
			};
			name = Release;
		};
/* End XCBuildConfiguration section */

/* Begin XCConfigurationList section */
		8C405EFA2A80F8D700D7B7CF /* Build configuration list for PBXNativeTarget "WeatherTests" */ = {
			isa = XCConfigurationList;
			buildConfigurations = (
				8C405EFB2A80F8D700D7B7CF /* Debug */,
				8C405EFC2A80F8D700D7B7CF /* Release */,
			);
			defaultConfigurationIsVisible = 0;
			defaultConfigurationName = Release;
		};
		8C946E622A79484C0012476D /* Build configuration list for PBXProject "Weather" */ = {
			isa = XCConfigurationList;
			buildConfigurations = (
				8C946E792A79484D0012476D /* Debug */,
				8C946E7A2A79484D0012476D /* Release */,
			);
			defaultConfigurationIsVisible = 0;
			defaultConfigurationName = Release;
		};
		8C946E7B2A79484D0012476D /* Build configuration list for PBXNativeTarget "Weather" */ = {
			isa = XCConfigurationList;
			buildConfigurations = (
				8C946E7C2A79484D0012476D /* Debug */,
				8C946E7D2A79484D0012476D /* Release */,
			);
			defaultConfigurationIsVisible = 0;
			defaultConfigurationName = Release;
		};
/* End XCConfigurationList section */
	};
	rootObject = 8C946E5F2A79484C0012476D /* Project object */;
}
